
Microsoft Visual Studio Solution File, Format Version 12.00
# Visual Studio Version 17
VisualStudioVersion = 17.11.35303.130
MinimumVisualStudioVersion = 10.0.40219.1
Project("{FAE04EC0-301F-11D3-BF4B-00C04F79EFBC}") = "WWWWW", "WWWWW\WWWWW.csproj", "{B1C73E47-9B22-4725-8C3B-F64D839CFC9F}"
EndProject
Global
	GlobalSection(SolutionConfigurationPlatforms) = preSolution
		Debug|Any CPU = Debug|Any CPU
		Release|Any CPU = Release|Any CPU
	EndGlobalSection
	GlobalSection(ProjectConfigurationPlatforms) = postSolution
		{B1C73E47-9B22-4725-8C3B-F64D839CFC9F}.Debug|Any CPU.ActiveCfg = Debug|Any CPU
		{B1C73E47-9B22-4725-8C3B-F64D839CFC9F}.Debug|Any CPU.Build.0 = Debug|Any CPU
		{B1C73E47-9B22-4725-8C3B-F64D839CFC9F}.Release|Any CPU.ActiveCfg = Release|Any CPU
		{B1C73E47-9B22-4725-8C3B-F64D839CFC9F}.Release|Any CPU.Build.0 = Release|Any CPU
	EndGlobalSection
	GlobalSection(SolutionProperties) = preSolution
		HideSolutionNode = FALSE
	EndGlobalSection
	GlobalSection(ExtensibilityGlobals) = postSolution
		SolutionGuid = {C70FB308-A4AA-4139-B8D8-4E592B9C2366}
	EndGlobalSection
EndGlobal
